// !$*UTF8*$!
{
	archiveVersion = 1;
	classes = {
	};
	objectVersion = 55;
	objects = {

/* Begin PBXBuildFile section */
		2FAB8BA728935D7B005769B0 /* LocationViewController.swift in Sources */ = {isa = PBXBuildFile; fileRef = 2FAB8BA628935D7B005769B0 /* LocationViewController.swift */; };
		2FAB8BAA28938507005769B0 /* KOTRA_BOLD (1).otf in Resources */ = {isa = PBXBuildFile; fileRef = 2FAB8BA928938507005769B0 /* KOTRA_BOLD (1).otf */; };
		2FB3140028920CD500523FCA /* ViewPresentableProtocol.swift in Sources */ = {isa = PBXBuildFile; fileRef = 2FB313FF28920CD500523FCA /* ViewPresentableProtocol.swift */; };
		2FB314022892239900523FCA /* LottoViewController.swift in Sources */ = {isa = PBXBuildFile; fileRef = 2FB314012892239900523FCA /* LottoViewController.swift */; };
		2FB314042892305700523FCA /* TranslateViewController.swift in Sources */ = {isa = PBXBuildFile; fileRef = 2FB314032892305700523FCA /* TranslateViewController.swift */; };
		2FB3140628923A9800523FCA /* WebViewController.swift in Sources */ = {isa = PBXBuildFile; fileRef = 2FB3140528923A9800523FCA /* WebViewController.swift */; };
		2FD573C32890DD89007DDFF0 /* AppDelegate.swift in Sources */ = {isa = PBXBuildFile; fileRef = 2FD573C22890DD89007DDFF0 /* AppDelegate.swift */; };
		2FD573C52890DD89007DDFF0 /* SceneDelegate.swift in Sources */ = {isa = PBXBuildFile; fileRef = 2FD573C42890DD89007DDFF0 /* SceneDelegate.swift */; };
		2FD573C72890DD89007DDFF0 /* ViewController.swift in Sources */ = {isa = PBXBuildFile; fileRef = 2FD573C62890DD89007DDFF0 /* ViewController.swift */; };
		2FD573CA2890DD89007DDFF0 /* Main.storyboard in Resources */ = {isa = PBXBuildFile; fileRef = 2FD573C82890DD89007DDFF0 /* Main.storyboard */; };
		2FD573CC2890DD8A007DDFF0 /* Assets.xcassets in Resources */ = {isa = PBXBuildFile; fileRef = 2FD573CB2890DD8A007DDFF0 /* Assets.xcassets */; };
		2FD573CF2890DD8A007DDFF0 /* LaunchScreen.storyboard in Resources */ = {isa = PBXBuildFile; fileRef = 2FD573CD2890DD8A007DDFF0 /* LaunchScreen.storyboard */; };
		2FD573D72890E1F7007DDFF0 /* SearchViewController.swift in Sources */ = {isa = PBXBuildFile; fileRef = 2FD573D62890E1F7007DDFF0 /* SearchViewController.swift */; };
		2FD573DA2890E4D2007DDFF0 /* ListTableViewCell.swift in Sources */ = {isa = PBXBuildFile; fileRef = 2FD573D82890E4D2007DDFF0 /* ListTableViewCell.swift */; };
		2FD573DB2890E4D2007DDFF0 /* ListTableViewCell.xib in Resources */ = {isa = PBXBuildFile; fileRef = 2FD573D92890E4D2007DDFF0 /* ListTableViewCell.xib */; };
/* End PBXBuildFile section */

/* Begin PBXFileReference section */
		2FAB8BA628935D7B005769B0 /* LocationViewController.swift */ = {isa = PBXFileReference; lastKnownFileType = sourcecode.swift; path = LocationViewController.swift; sourceTree = "<group>"; };
		2FAB8BA928938507005769B0 /* KOTRA_BOLD (1).otf */ = {isa = PBXFileReference; lastKnownFileType = file; path = "KOTRA_BOLD (1).otf"; sourceTree = "<group>"; };
		2FB313FF28920CD500523FCA /* ViewPresentableProtocol.swift */ = {isa = PBXFileReference; lastKnownFileType = sourcecode.swift; path = ViewPresentableProtocol.swift; sourceTree = "<group>"; };
		2FB314012892239900523FCA /* LottoViewController.swift */ = {isa = PBXFileReference; lastKnownFileType = sourcecode.swift; path = LottoViewController.swift; sourceTree = "<group>"; };
		2FB314032892305700523FCA /* TranslateViewController.swift */ = {isa = PBXFileReference; lastKnownFileType = sourcecode.swift; path = TranslateViewController.swift; sourceTree = "<group>"; };
		2FB3140528923A9800523FCA /* WebViewController.swift */ = {isa = PBXFileReference; lastKnownFileType = sourcecode.swift; path = WebViewController.swift; sourceTree = "<group>"; };
		2FD573BF2890DD89007DDFF0 /* NetworkBasic.app */ = {isa = PBXFileReference; explicitFileType = wrapper.application; includeInIndex = 0; path = NetworkBasic.app; sourceTree = BUILT_PRODUCTS_DIR; };
		2FD573C22890DD89007DDFF0 /* AppDelegate.swift */ = {isa = PBXFileReference; lastKnownFileType = sourcecode.swift; path = AppDelegate.swift; sourceTree = "<group>"; };
		2FD573C42890DD89007DDFF0 /* SceneDelegate.swift */ = {isa = PBXFileReference; lastKnownFileType = sourcecode.swift; path = SceneDelegate.swift; sourceTree = "<group>"; };
		2FD573C62890DD89007DDFF0 /* ViewController.swift */ = {isa = PBXFileReference; lastKnownFileType = sourcecode.swift; path = ViewController.swift; sourceTree = "<group>"; };
		2FD573C92890DD89007DDFF0 /* Base */ = {isa = PBXFileReference; lastKnownFileType = file.storyboard; name = Base; path = Base.lproj/Main.storyboard; sourceTree = "<group>"; };
		2FD573CB2890DD8A007DDFF0 /* Assets.xcassets */ = {isa = PBXFileReference; lastKnownFileType = folder.assetcatalog; path = Assets.xcassets; sourceTree = "<group>"; };
		2FD573CE2890DD8A007DDFF0 /* Base */ = {isa = PBXFileReference; lastKnownFileType = file.storyboard; name = Base; path = Base.lproj/LaunchScreen.storyboard; sourceTree = "<group>"; };
		2FD573D02890DD8A007DDFF0 /* Info.plist */ = {isa = PBXFileReference; lastKnownFileType = text.plist.xml; path = Info.plist; sourceTree = "<group>"; };
		2FD573D62890E1F7007DDFF0 /* SearchViewController.swift */ = {isa = PBXFileReference; lastKnownFileType = sourcecode.swift; path = SearchViewController.swift; sourceTree = "<group>"; };
		2FD573D82890E4D2007DDFF0 /* ListTableViewCell.swift */ = {isa = PBXFileReference; lastKnownFileType = sourcecode.swift; path = ListTableViewCell.swift; sourceTree = "<group>"; };
		2FD573D92890E4D2007DDFF0 /* ListTableViewCell.xib */ = {isa = PBXFileReference; lastKnownFileType = file.xib; path = ListTableViewCell.xib; sourceTree = "<group>"; };
/* End PBXFileReference section */

/* Begin PBXFrameworksBuildPhase section */
		2FD573BC2890DD89007DDFF0 /* Frameworks */ = {
			isa = PBXFrameworksBuildPhase;
			buildActionMask = 2147483647;
			files = (
			);
			runOnlyForDeploymentPostprocessing = 0;
		};
/* End PBXFrameworksBuildPhase section */

/* Begin PBXGroup section */
		2FAB8BAB28938571005769B0 /* Resource */ = {
			isa = PBXGroup;
			children = (
				2FAB8BA928938507005769B0 /* KOTRA_BOLD (1).otf */,
			);
			path = Resource;
			sourceTree = "<group>";
		};
		2FB313FE28920CA200523FCA /* Protocol */ = {
			isa = PBXGroup;
			children = (
				2FB313FF28920CD500523FCA /* ViewPresentableProtocol.swift */,
			);
			path = Protocol;
			sourceTree = "<group>";
		};
		2FD573B62890DD89007DDFF0 = {
			isa = PBXGroup;
			children = (
				2FD573C12890DD89007DDFF0 /* NetworkBasic */,
				2FD573C02890DD89007DDFF0 /* Products */,
			);
			sourceTree = "<group>";
		};
		2FD573C02890DD89007DDFF0 /* Products */ = {
			isa = PBXGroup;
			children = (
				2FD573BF2890DD89007DDFF0 /* NetworkBasic.app */,
			);
			name = Products;
			sourceTree = "<group>";
		};
		2FD573C12890DD89007DDFF0 /* NetworkBasic */ = {
			isa = PBXGroup;
			children = (
				2FAB8BAB28938571005769B0 /* Resource */,
				2FB313FE28920CA200523FCA /* Protocol */,
				2FD573C22890DD89007DDFF0 /* AppDelegate.swift */,
				2FD573C42890DD89007DDFF0 /* SceneDelegate.swift */,
				2FD573C62890DD89007DDFF0 /* ViewController.swift */,
				2FD573C82890DD89007DDFF0 /* Main.storyboard */,
				2FAB8BA628935D7B005769B0 /* LocationViewController.swift */,
				2FB3140528923A9800523FCA /* WebViewController.swift */,
				2FB314032892305700523FCA /* TranslateViewController.swift */,
				2FB314012892239900523FCA /* LottoViewController.swift */,
				2FD573D82890E4D2007DDFF0 /* ListTableViewCell.swift */,
				2FD573D92890E4D2007DDFF0 /* ListTableViewCell.xib */,
				2FD573D62890E1F7007DDFF0 /* SearchViewController.swift */,
				2FD573CB2890DD8A007DDFF0 /* Assets.xcassets */,
				2FD573CD2890DD8A007DDFF0 /* LaunchScreen.storyboard */,
				2FD573D02890DD8A007DDFF0 /* Info.plist */,
			);
			path = NetworkBasic;
			sourceTree = "<group>";
		};
/* End PBXGroup section */

/* Begin PBXNativeTarget section */
		2FD573BE2890DD89007DDFF0 /* NetworkBasic */ = {
			isa = PBXNativeTarget;
			buildConfigurationList = 2FD573D32890DD8A007DDFF0 /* Build configuration list for PBXNativeTarget "NetworkBasic" */;
			buildPhases = (
				2FD573BB2890DD89007DDFF0 /* Sources */,
				2FD573BC2890DD89007DDFF0 /* Frameworks */,
				2FD573BD2890DD89007DDFF0 /* Resources */,
			);
			buildRules = (
			);
			dependencies = (
			);
			name = NetworkBasic;
			productName = NetworkBasic;
			productReference = 2FD573BF2890DD89007DDFF0 /* NetworkBasic.app */;
			productType = "com.apple.product-type.application";
		};
/* End PBXNativeTarget section */

/* Begin PBXProject section */
		2FD573B72890DD89007DDFF0 /* Project object */ = {
			isa = PBXProject;
			attributes = {
				BuildIndependentTargetsInParallel = 1;
				LastSwiftUpdateCheck = 1340;
				LastUpgradeCheck = 1340;
				TargetAttributes = {
					2FD573BE2890DD89007DDFF0 = {
						CreatedOnToolsVersion = 13.4.1;
					};
				};
			};
			buildConfigurationList = 2FD573BA2890DD89007DDFF0 /* Build configuration list for PBXProject "NetworkBasic" */;
			compatibilityVersion = "Xcode 13.0";
			developmentRegion = en;
			hasScannedForEncodings = 0;
			knownRegions = (
				en,
				Base,
			);
			mainGroup = 2FD573B62890DD89007DDFF0;
			productRefGroup = 2FD573C02890DD89007DDFF0 /* Products */;
			projectDirPath = "";
			projectRoot = "";
			targets = (
				2FD573BE2890DD89007DDFF0 /* NetworkBasic */,
			);
		};
/* End PBXProject section */

/* Begin PBXResourcesBuildPhase section */
		2FD573BD2890DD89007DDFF0 /* Resources */ = {
			isa = PBXResourcesBuildPhase;
			buildActionMask = 2147483647;
			files = (
				2FAB8BAA28938507005769B0 /* KOTRA_BOLD (1).otf in Resources */,
				2FD573CF2890DD8A007DDFF0 /* LaunchScreen.storyboard in Resources */,
				2FD573DB2890E4D2007DDFF0 /* ListTableViewCell.xib in Resources */,
				2FD573CC2890DD8A007DDFF0 /* Assets.xcassets in Resources */,
				2FD573CA2890DD89007DDFF0 /* Main.storyboard in Resources */,
			);
			runOnlyForDeploymentPostprocessing = 0;
		};
/* End PBXResourcesBuildPhase section */

/* Begin PBXSourcesBuildPhase section */
		2FD573BB2890DD89007DDFF0 /* Sources */ = {
			isa = PBXSourcesBuildPhase;
			buildActionMask = 2147483647;
			files = (
				2FD573C72890DD89007DDFF0 /* ViewController.swift in Sources */,
				2FB3140628923A9800523FCA /* WebViewController.swift in Sources */,
				2FD573C32890DD89007DDFF0 /* AppDelegate.swift in Sources */,
				2FD573D72890E1F7007DDFF0 /* SearchViewController.swift in Sources */,
				2FB314022892239900523FCA /* LottoViewController.swift in Sources */,
				2FAB8BA728935D7B005769B0 /* LocationViewController.swift in Sources */,
				2FD573C52890DD89007DDFF0 /* SceneDelegate.swift in Sources */,
				2FB314042892305700523FCA /* TranslateViewController.swift in Sources */,
				2FB3140028920CD500523FCA /* ViewPresentableProtocol.swift in Sources */,
				2FD573DA2890E4D2007DDFF0 /* ListTableViewCell.swift in Sources */,
			);
			runOnlyForDeploymentPostprocessing = 0;
		};
/* End PBXSourcesBuildPhase section */

/* Begin PBXVariantGroup section */
		2FD573C82890DD89007DDFF0 /* Main.storyboard */ = {
			isa = PBXVariantGroup;
			children = (
				2FD573C92890DD89007DDFF0 /* Base */,
			);
			name = Main.storyboard;
			sourceTree = "<group>";
		};
		2FD573CD2890DD8A007DDFF0 /* LaunchScreen.storyboard */ = {
			isa = PBXVariantGroup;
			children = (
				2FD573CE2890DD8A007DDFF0 /* Base */,
			);
			name = LaunchScreen.storyboard;
			sourceTree = "<group>";
		};
/* End PBXVariantGroup section */

/* Begin XCBuildConfiguration section */
		2FD573D12890DD8A007DDFF0 /* Debug */ = {
			isa = XCBuildConfiguration;
			buildSettings = {
				ALWAYS_SEARCH_USER_PATHS = NO;
				CLANG_ANALYZER_NONNULL = YES;
				CLANG_ANALYZER_NUMBER_OBJECT_CONVERSION = YES_AGGRESSIVE;
				CLANG_CXX_LANGUAGE_STANDARD = "gnu++17";
				CLANG_ENABLE_MODULES = YES;
				CLANG_ENABLE_OBJC_ARC = YES;
				CLANG_ENABLE_OBJC_WEAK = YES;
				CLANG_WARN_BLOCK_CAPTURE_AUTORELEASING = YES;
				CLANG_WARN_BOOL_CONVERSION = YES;
				CLANG_WARN_COMMA = YES;
				CLANG_WARN_CONSTANT_CONVERSION = YES;
				CLANG_WARN_DEPRECATED_OBJC_IMPLEMENTATIONS = YES;
				CLANG_WARN_DIRECT_OBJC_ISA_USAGE = YES_ERROR;
				CLANG_WARN_DOCUMENTATION_COMMENTS = YES;
				CLANG_WARN_EMPTY_BODY = YES;
				CLANG_WARN_ENUM_CONVERSION = YES;
				CLANG_WARN_INFINITE_RECURSION = YES;
				CLANG_WARN_INT_CONVERSION = YES;
				CLANG_WARN_NON_LITERAL_NULL_CONVERSION = YES;
				CLANG_WARN_OBJC_IMPLICIT_RETAIN_SELF = YES;
				CLANG_WARN_OBJC_LITERAL_CONVERSION = YES;
				CLANG_WARN_OBJC_ROOT_CLASS = YES_ERROR;
				CLANG_WARN_QUOTED_INCLUDE_IN_FRAMEWORK_HEADER = YES;
				CLANG_WARN_RANGE_LOOP_ANALYSIS = YES;
				CLANG_WARN_STRICT_PROTOTYPES = YES;
				CLANG_WARN_SUSPICIOUS_MOVE = YES;
				CLANG_WARN_UNGUARDED_AVAILABILITY = YES_AGGRESSIVE;
				CLANG_WARN_UNREACHABLE_CODE = YES;
				CLANG_WARN__DUPLICATE_METHOD_MATCH = YES;
				COPY_PHASE_STRIP = NO;
				DEBUG_INFORMATION_FORMAT = dwarf;
				ENABLE_STRICT_OBJC_MSGSEND = YES;
				ENABLE_TESTABILITY = YES;
				GCC_C_LANGUAGE_STANDARD = gnu11;
				GCC_DYNAMIC_NO_PIC = NO;
				GCC_NO_COMMON_BLOCKS = YES;
				GCC_OPTIMIZATION_LEVEL = 0;
				GCC_PREPROCESSOR_DEFINITIONS = (
					"DEBUG=1",
					"$(inherited)",
				);
				GCC_WARN_64_TO_32_BIT_CONVERSION = YES;
				GCC_WARN_ABOUT_RETURN_TYPE = YES_ERROR;
				GCC_WARN_UNDECLARED_SELECTOR = YES;
				GCC_WARN_UNINITIALIZED_AUTOS = YES_AGGRESSIVE;
				GCC_WARN_UNUSED_FUNCTION = YES;
				GCC_WARN_UNUSED_VARIABLE = YES;
				IPHONEOS_DEPLOYMENT_TARGET = 15.5;
				MTL_ENABLE_DEBUG_INFO = INCLUDE_SOURCE;
				MTL_FAST_MATH = YES;
				ONLY_ACTIVE_ARCH = YES;
				SDKROOT = iphoneos;
				SWIFT_ACTIVE_COMPILATION_CONDITIONS = DEBUG;
				SWIFT_OPTIMIZATION_LEVEL = "-Onone";
			};
			name = Debug;
		};
		2FD573D22890DD8A007DDFF0 /* Release */ = {
			isa = XCBuildConfiguration;
			buildSettings = {
				ALWAYS_SEARCH_USER_PATHS = NO;
				CLANG_ANALYZER_NONNULL = YES;
				CLANG_ANALYZER_NUMBER_OBJECT_CONVERSION = YES_AGGRESSIVE;
				CLANG_CXX_LANGUAGE_STANDARD = "gnu++17";
				CLANG_ENABLE_MODULES = YES;
				CLANG_ENABLE_OBJC_ARC = YES;
				CLANG_ENABLE_OBJC_WEAK = YES;
				CLANG_WARN_BLOCK_CAPTURE_AUTORELEASING = YES;
				CLANG_WARN_BOOL_CONVERSION = YES;
				CLANG_WARN_COMMA = YES;
				CLANG_WARN_CONSTANT_CONVERSION = YES;
				CLANG_WARN_DEPRECATED_OBJC_IMPLEMENTATIONS = YES;
				CLANG_WARN_DIRECT_OBJC_ISA_USAGE = YES_ERROR;
				CLANG_WARN_DOCUMENTATION_COMMENTS = YES;
				CLANG_WARN_EMPTY_BODY = YES;
				CLANG_WARN_ENUM_CONVERSION = YES;
				CLANG_WARN_INFINITE_RECURSION = YES;
				CLANG_WARN_INT_CONVERSION = YES;
				CLANG_WARN_NON_LITERAL_NULL_CONVERSION = YES;
				CLANG_WARN_OBJC_IMPLICIT_RETAIN_SELF = YES;
				CLANG_WARN_OBJC_LITERAL_CONVERSION = YES;
				CLANG_WARN_OBJC_ROOT_CLASS = YES_ERROR;
				CLANG_WARN_QUOTED_INCLUDE_IN_FRAMEWORK_HEADER = YES;
				CLANG_WARN_RANGE_LOOP_ANALYSIS = YES;
				CLANG_WARN_STRICT_PROTOTYPES = YES;
				CLANG_WARN_SUSPICIOUS_MOVE = YES;
				CLANG_WARN_UNGUARDED_AVAILABILITY = YES_AGGRESSIVE;
				CLANG_WARN_UNREACHABLE_CODE = YES;
				CLANG_WARN__DUPLICATE_METHOD_MATCH = YES;
				COPY_PHASE_STRIP = NO;
				DEBUG_INFORMATION_FORMAT = "dwarf-with-dsym";
				ENABLE_NS_ASSERTIONS = NO;
				ENABLE_STRICT_OBJC_MSGSEND = YES;
				GCC_C_LANGUAGE_STANDARD = gnu11;
				GCC_NO_COMMON_BLOCKS = YES;
				GCC_WARN_64_TO_32_BIT_CONVERSION = YES;
				GCC_WARN_ABOUT_RETURN_TYPE = YES_ERROR;
				GCC_WARN_UNDECLARED_SELECTOR = YES;
				GCC_WARN_UNINITIALIZED_AUTOS = YES_AGGRESSIVE;
				GCC_WARN_UNUSED_FUNCTION = YES;
				GCC_WARN_UNUSED_VARIABLE = YES;
				IPHONEOS_DEPLOYMENT_TARGET = 15.5;
				MTL_ENABLE_DEBUG_INFO = NO;
				MTL_FAST_MATH = YES;
				SDKROOT = iphoneos;
				SWIFT_COMPILATION_MODE = wholemodule;
				SWIFT_OPTIMIZATION_LEVEL = "-O";
				VALIDATE_PRODUCT = YES;
			};
			name = Release;
		};
		2FD573D42890DD8A007DDFF0 /* Debug */ = {
			isa = XCBuildConfiguration;
			buildSettings = {
				ASSETCATALOG_COMPILER_APPICON_NAME = AppIcon;
				ASSETCATALOG_COMPILER_GLOBAL_ACCENT_COLOR_NAME = AccentColor;
				CODE_SIGN_STYLE = Automatic;
				CURRENT_PROJECT_VERSION = 1;
				DEVELOPMENT_TEAM = LL4R66V6Y3;
				GENERATE_INFOPLIST_FILE = YES;
				INFOPLIST_FILE = NetworkBasic/Info.plist;
				INFOPLIST_KEY_UIApplicationSupportsIndirectInputEvents = YES;
				INFOPLIST_KEY_UILaunchStoryboardName = LaunchScreen;
				INFOPLIST_KEY_UIMainStoryboardFile = Main;
				INFOPLIST_KEY_UISupportedInterfaceOrientations_iPad = "UIInterfaceOrientationPortrait UIInterfaceOrientationPortraitUpsideDown UIInterfaceOrientationLandscapeLeft UIInterfaceOrientationLandscapeRight";
				INFOPLIST_KEY_UISupportedInterfaceOrientations_iPhone = "UIInterfaceOrientationPortrait UIInterfaceOrientationLandscapeLeft UIInterfaceOrientationLandscapeRight";
				LD_RUNPATH_SEARCH_PATHS = (
					"$(inherited)",
					"@executable_path/Frameworks",
				);
				MARKETING_VERSION = 1.0;
				PRODUCT_BUNDLE_IDENTIFIER = cody.NetworkBasic;
				PRODUCT_NAME = "$(TARGET_NAME)";
				SWIFT_EMIT_LOC_STRINGS = YES;
				SWIFT_VERSION = 5.0;
				TARGETED_DEVICE_FAMILY = "1,2";
			};
			name = Debug;
		};
		2FD573D52890DD8A007DDFF0 /* Release */ = {
			isa = XCBuildConfiguration;
			buildSettings = {
				ASSETCATALOG_COMPILER_APPICON_NAME = AppIcon;
				ASSETCATALOG_COMPILER_GLOBAL_ACCENT_COLOR_NAME = AccentColor;
				CODE_SIGN_STYLE = Automatic;
				CURRENT_PROJECT_VERSION = 1;
				DEVELOPMENT_TEAM = LL4R66V6Y3;
				GENERATE_INFOPLIST_FILE = YES;
				INFOPLIST_FILE = NetworkBasic/Info.plist;
				INFOPLIST_KEY_UIApplicationSupportsIndirectInputEvents = YES;
				INFOPLIST_KEY_UILaunchStoryboardName = LaunchScreen;
				INFOPLIST_KEY_UIMainStoryboardFile = Main;
				INFOPLIST_KEY_UISupportedInterfaceOrientations_iPad = "UIInterfaceOrientationPortrait UIInterfaceOrientationPortraitUpsideDown UIInterfaceOrientationLandscapeLeft UIInterfaceOrientationLandscapeRight";
				INFOPLIST_KEY_UISupportedInterfaceOrientations_iPhone = "UIInterfaceOrientationPortrait UIInterfaceOrientationLandscapeLeft UIInterfaceOrientationLandscapeRight";
				LD_RUNPATH_SEARCH_PATHS = (
					"$(inherited)",
					"@executable_path/Frameworks",
				);
				MARKETING_VERSION = 1.0;
				PRODUCT_BUNDLE_IDENTIFIER = cody.NetworkBasic;
				PRODUCT_NAME = "$(TARGET_NAME)";
				SWIFT_EMIT_LOC_STRINGS = YES;
				SWIFT_VERSION = 5.0;
				TARGETED_DEVICE_FAMILY = "1,2";
			};
			name = Release;
		};
/* End XCBuildConfiguration section */

/* Begin XCConfigurationList section */
		2FD573BA2890DD89007DDFF0 /* Build configuration list for PBXProject "NetworkBasic" */ = {
			isa = XCConfigurationList;
			buildConfigurations = (
				2FD573D12890DD8A007DDFF0 /* Debug */,
				2FD573D22890DD8A007DDFF0 /* Release */,
			);
			defaultConfigurationIsVisible = 0;
			defaultConfigurationName = Release;
		};
		2FD573D32890DD8A007DDFF0 /* Build configuration list for PBXNativeTarget "NetworkBasic" */ = {
			isa = XCConfigurationList;
			buildConfigurations = (
				2FD573D42890DD8A007DDFF0 /* Debug */,
				2FD573D52890DD8A007DDFF0 /* Release */,
			);
			defaultConfigurationIsVisible = 0;
			defaultConfigurationName = Release;
		};
/* End XCConfigurationList section */
	};
	rootObject = 2FD573B72890DD89007DDFF0 /* Project object */;
}
